
Microsoft Visual Studio Solution File, Format Version 12.00
# Visual Studio 15
Project("{FAE04EC0-301F-11D3-BF4B-00C04F79EFBC}") = "Assembly-CSharp", "Assembly-CSharp.csproj", "{AAD581C0-E99F-4513-8354-26A2E9F0F304}"
EndProject
Project("{FAE04EC0-301F-11D3-BF4B-00C04F79EFBC}") = "Assembly-CSharp-Editor", "Assembly-CSharp-Editor.csproj", "{D481B1DE-73B1-F7BE-7F09-1CD07008CFD8}"
EndProject
Global
	GlobalSection(SolutionConfigurationPlatforms) = preSolution
		Debug|Any CPU = Debug|Any CPU
		Release|Any CPU = Release|Any CPU
	EndGlobalSection
	GlobalSection(ProjectConfigurationPlatforms) = postSolution
		{AAD581C0-E99F-4513-8354-26A2E9F0F304}.Debug|Any CPU.ActiveCfg = Debug|Any CPU
		{AAD581C0-E99F-4513-8354-26A2E9F0F304}.Debug|Any CPU.Build.0 = Debug|Any CPU
		{AAD581C0-E99F-4513-8354-26A2E9F0F304}.Release|Any CPU.ActiveCfg = Release|Any CPU
		{AAD581C0-E99F-4513-8354-26A2E9F0F304}.Release|Any CPU.Build.0 = Release|Any CPU
		{D481B1DE-73B1-F7BE-7F09-1CD07008CFD8}.Debug|Any CPU.ActiveCfg = Debug|Any CPU
		{D481B1DE-73B1-F7BE-7F09-1CD07008CFD8}.Debug|Any CPU.Build.0 = Debug|Any CPU
		{D481B1DE-73B1-F7BE-7F09-1CD07008CFD8}.Release|Any CPU.ActiveCfg = Release|Any CPU
		{D481B1DE-73B1-F7BE-7F09-1CD07008CFD8}.Release|Any CPU.Build.0 = Release|Any CPU
	EndGlobalSection
	GlobalSection(SolutionProperties) = preSolution
		HideSolutionNode = FALSE
	EndGlobalSection
EndGlobal
